
Microsoft Visual Studio Solution File, Format Version 12.00
# Visual Studio Version 16
VisualStudioVersion = 25.0.1705.0
MinimumVisualStudioVersion = 10.0.40219.1
Project("{FAE04EC0-301F-11D3-BF4B-00C04F79EFBC}") = "DockerStatusHandler", "DockerStatusHandler.csproj", "{746A695B-7930-4A7F-9833-CD106F40F104}"
EndProject
Global
	GlobalSection(SolutionConfigurationPlatforms) = preSolution
		Debug|Any CPU = Debug|Any CPU
		Release|Any CPU = Release|Any CPU
	EndGlobalSection
	GlobalSection(ProjectConfigurationPlatforms) = postSolution
		{746A695B-7930-4A7F-9833-CD106F40F104}.Debug|Any CPU.ActiveCfg = Debug|Any CPU
		{746A695B-7930-4A7F-9833-CD106F40F104}.Debug|Any CPU.Build.0 = Debug|Any CPU
		{746A695B-7930-4A7F-9833-CD106F40F104}.Release|Any CPU.ActiveCfg = Release|Any CPU
		{746A695B-7930-4A7F-9833-CD106F40F104}.Release|Any CPU.Build.0 = Release|Any CPU
	EndGlobalSection
	GlobalSection(SolutionProperties) = preSolution
		HideSolutionNode = FALSE
	EndGlobalSection
	GlobalSection(ExtensibilityGlobals) = postSolution
		SolutionGuid = {E977502E-C0DB-456E-89A8-13C268B2EF88}
	EndGlobalSection
EndGlobal
